
Microsoft Visual Studio Solution File, Format Version 12.00
# Visual Studio Version 17
VisualStudioVersion = 17.5.33424.131
MinimumVisualStudioVersion = 10.0.40219.1
Project("{FAE04EC0-301F-11D3-BF4B-00C04F79EFBC}") = "PocApi", "PocApi.csproj", "{BDF6DBE6-7FB3-4FC5-B058-27FAB804F7BE}"
EndProject
Global
	GlobalSection(SolutionConfigurationPlatforms) = preSolution
		Debug|Any CPU = Debug|Any CPU
		Release|Any CPU = Release|Any CPU
	EndGlobalSection
	GlobalSection(ProjectConfigurationPlatforms) = postSolution
		{BDF6DBE6-7FB3-4FC5-B058-27FAB804F7BE}.Debug|Any CPU.ActiveCfg = Debug|Any CPU
		{BDF6DBE6-7FB3-4FC5-B058-27FAB804F7BE}.Debug|Any CPU.Build.0 = Debug|Any CPU
		{BDF6DBE6-7FB3-4FC5-B058-27FAB804F7BE}.Release|Any CPU.ActiveCfg = Release|Any CPU
		{BDF6DBE6-7FB3-4FC5-B058-27FAB804F7BE}.Release|Any CPU.Build.0 = Release|Any CPU
	EndGlobalSection
	GlobalSection(SolutionProperties) = preSolution
		HideSolutionNode = FALSE
	EndGlobalSection
	GlobalSection(ExtensibilityGlobals) = postSolution
		SolutionGuid = {76814E60-2D90-4679-8378-D7B7ED2FF5B9}
	EndGlobalSection
EndGlobal
